
Microsoft Visual Studio Solution File, Format Version 12.00
# Visual Studio Version 17
VisualStudioVersion = 17.9.34728.123
MinimumVisualStudioVersion = 16.0.0.0
Project("{9A19103F-16F7-4668-BE54-9A1E7A4F7556}") = "AndStrideGame.Windows", "AndStrideGame.Windows\AndStrideGame.Windows.csproj", "{5F4D191F-46BD-4FE8-B637-69A2845A1B5E}"
EndProject
Project("{9A19103F-16F7-4668-BE54-9A1E7A4F7556}") = "AndStrideGame", "AndStrideGame\AndStrideGame.csproj", "{877272BC-4ABE-4B1F-9275-789BAF9FAF0F}"
EndProject
Project("{9A19103F-16F7-4668-BE54-9A1E7A4F7556}") = "AndStrideGame.Android", "AndStrideGame.Android\AndStrideGame.Android.csproj", "{536387F1-7D0B-4883-90AA-DCE49C17C6E7}"
EndProject
Global
	GlobalSection(SolutionConfigurationPlatforms) = preSolution
		Debug|Any CPU = Debug|Any CPU
		Release|Any CPU = Release|Any CPU
	EndGlobalSection
	GlobalSection(ProjectConfigurationPlatforms) = postSolution
		{5F4D191F-46BD-4FE8-B637-69A2845A1B5E}.Debug|Any CPU.ActiveCfg = Debug|Any CPU
		{5F4D191F-46BD-4FE8-B637-69A2845A1B5E}.Debug|Any CPU.Build.0 = Debug|Any CPU
		{5F4D191F-46BD-4FE8-B637-69A2845A1B5E}.Release|Any CPU.ActiveCfg = Release|Any CPU
		{5F4D191F-46BD-4FE8-B637-69A2845A1B5E}.Release|Any CPU.Build.0 = Release|Any CPU
		{877272BC-4ABE-4B1F-9275-789BAF9FAF0F}.Debug|Any CPU.ActiveCfg = Debug|Any CPU
		{877272BC-4ABE-4B1F-9275-789BAF9FAF0F}.Debug|Any CPU.Build.0 = Debug|Any CPU
		{877272BC-4ABE-4B1F-9275-789BAF9FAF0F}.Release|Any CPU.ActiveCfg = Release|Any CPU
		{877272BC-4ABE-4B1F-9275-789BAF9FAF0F}.Release|Any CPU.Build.0 = Release|Any CPU
		{536387F1-7D0B-4883-90AA-DCE49C17C6E7}.Debug|Any CPU.ActiveCfg = Debug|Any CPU
		{536387F1-7D0B-4883-90AA-DCE49C17C6E7}.Debug|Any CPU.Build.0 = Debug|Any CPU
		{536387F1-7D0B-4883-90AA-DCE49C17C6E7}.Debug|Any CPU.Deploy.0 = Debug|Any CPU
		{536387F1-7D0B-4883-90AA-DCE49C17C6E7}.Release|Any CPU.ActiveCfg = Release|Any CPU
		{536387F1-7D0B-4883-90AA-DCE49C17C6E7}.Release|Any CPU.Build.0 = Release|Any CPU
		{536387F1-7D0B-4883-90AA-DCE49C17C6E7}.Release|Any CPU.Deploy.0 = Release|Any CPU
	EndGlobalSection
	GlobalSection(SolutionProperties) = preSolution
		HideSolutionNode = FALSE
	EndGlobalSection
	GlobalSection(ExtensibilityGlobals) = postSolution
		SolutionGuid = {0D9D23E7-D244-40BA-9F76-A3D53C7049C0}
	EndGlobalSection
EndGlobal
